
Microsoft Visual Studio Solution File, Format Version 12.00
# Visual Studio Version 16
VisualStudioVersion = 16.0.31729.503
MinimumVisualStudioVersion = 10.0.40219.1
Project("{FAE04EC0-301F-11D3-BF4B-00C04F79EFBC}") = "Lab4-2_OOP_Batyrov_PRO229", "Lab4-2_OOP_Batyrov_PRO229\Lab4-2_OOP_Batyrov_PRO229.csproj", "{6AC7E1DE-7541-41BD-B174-0596B77B5DBE}"
EndProject
Global
	GlobalSection(SolutionConfigurationPlatforms) = preSolution
		Debug|Any CPU = Debug|Any CPU
		Release|Any CPU = Release|Any CPU
	EndGlobalSection
	GlobalSection(ProjectConfigurationPlatforms) = postSolution
		{6AC7E1DE-7541-41BD-B174-0596B77B5DBE}.Debug|Any CPU.ActiveCfg = Debug|Any CPU
		{6AC7E1DE-7541-41BD-B174-0596B77B5DBE}.Debug|Any CPU.Build.0 = Debug|Any CPU
		{6AC7E1DE-7541-41BD-B174-0596B77B5DBE}.Release|Any CPU.ActiveCfg = Release|Any CPU
		{6AC7E1DE-7541-41BD-B174-0596B77B5DBE}.Release|Any CPU.Build.0 = Release|Any CPU
	EndGlobalSection
	GlobalSection(SolutionProperties) = preSolution
		HideSolutionNode = FALSE
	EndGlobalSection
	GlobalSection(ExtensibilityGlobals) = postSolution
		SolutionGuid = {7153FDD9-7CBA-4A17-8286-F068BA315706}
	EndGlobalSection
EndGlobal
